// !$*UTF8*$!
{
	archiveVersion = 1;
	classes = {
	};
	objectVersion = 46;
	objects = {

/* Begin PBXBuildFile section */
		8CAF38291E9491EB001F0109 /* main.m in Sources */ = {isa = PBXBuildFile; fileRef = 8CAF38281E9491EB001F0109 /* main.m */; };
		8CAF382C1E9491EB001F0109 /* AppDelegate.m in Sources */ = {isa = PBXBuildFile; fileRef = 8CAF382B1E9491EB001F0109 /* AppDelegate.m */; };
		8CAF38341E9491EB001F0109 /* Assets.xcassets in Resources */ = {isa = PBXBuildFile; fileRef = 8CAF38331E9491EB001F0109 /* Assets.xcassets */; };
		8CAF38371E9491EB001F0109 /* LaunchScreen.storyboard in Resources */ = {isa = PBXBuildFile; fileRef = 8CAF38351E9491EB001F0109 /* LaunchScreen.storyboard */; };
		8CAF384A1E949250001F0109 /* MNavigationController.m in Sources */ = {isa = PBXBuildFile; fileRef = 8CAF383F1E949250001F0109 /* MNavigationController.m */; };
		8CAF384B1E949250001F0109 /* NextController.m in Sources */ = {isa = PBXBuildFile; fileRef = 8CAF38411E949250001F0109 /* NextController.m */; };
		8CAF384D1E949250001F0109 /* UINavigationController+DIY_NVC.m in Sources */ = {isa = PBXBuildFile; fileRef = 8CAF38451E949250001F0109 /* UINavigationController+DIY_NVC.m */; };
		8CAF384E1E949250001F0109 /* UIViewController+DIY_VC.m in Sources */ = {isa = PBXBuildFile; fileRef = 8CAF38471E949250001F0109 /* UIViewController+DIY_VC.m */; };
		8CAF384F1E949250001F0109 /* ViewController.m in Sources */ = {isa = PBXBuildFile; fileRef = 8CAF38491E949250001F0109 /* ViewController.m */; };
		8CAF38521E949259001F0109 /* Main.storyboard in Resources */ = {isa = PBXBuildFile; fileRef = 8CAF38501E949259001F0109 /* Main.storyboard */; };
/* End PBXBuildFile section */

/* Begin PBXFileReference section */
		8CAF38241E9491EB001F0109 /* SystemNavigationBarChangeColorDemo.app */ = {isa = PBXFileReference; explicitFileType = wrapper.application; includeInIndex = 0; path = SystemNavigationBarChangeColorDemo.app; sourceTree = BUILT_PRODUCTS_DIR; };
		8CAF38281E9491EB001F0109 /* main.m */ = {isa = PBXFileReference; lastKnownFileType = sourcecode.c.objc; path = main.m; sourceTree = "<group>"; };
		8CAF382A1E9491EB001F0109 /* AppDelegate.h */ = {isa = PBXFileReference; lastKnownFileType = sourcecode.c.h; path = AppDelegate.h; sourceTree = "<group>"; };
		8CAF382B1E9491EB001F0109 /* AppDelegate.m */ = {isa = PBXFileReference; lastKnownFileType = sourcecode.c.objc; path = AppDelegate.m; sourceTree = "<group>"; };
		8CAF38331E9491EB001F0109 /* Assets.xcassets */ = {isa = PBXFileReference; lastKnownFileType = folder.assetcatalog; path = Assets.xcassets; sourceTree = "<group>"; };
		8CAF38361E9491EB001F0109 /* Base */ = {isa = PBXFileReference; lastKnownFileType = file.storyboard; name = Base; path = Base.lproj/LaunchScreen.storyboard; sourceTree = "<group>"; };
		8CAF38381E9491EB001F0109 /* Info.plist */ = {isa = PBXFileReference; lastKnownFileType = text.plist.xml; path = Info.plist; sourceTree = "<group>"; };
		8CAF383E1E949250001F0109 /* MNavigationController.h */ = {isa = PBXFileReference; fileEncoding = 4; lastKnownFileType = sourcecode.c.h; path = MNavigationController.h; sourceTree = "<group>"; };
		8CAF383F1E949250001F0109 /* MNavigationController.m */ = {isa = PBXFileReference; fileEncoding = 4; lastKnownFileType = sourcecode.c.objc; path = MNavigationController.m; sourceTree = "<group>"; };
		8CAF38401E949250001F0109 /* NextController.h */ = {isa = PBXFileReference; fileEncoding = 4; lastKnownFileType = sourcecode.c.h; path = NextController.h; sourceTree = "<group>"; };
		8CAF38411E949250001F0109 /* NextController.m */ = {isa = PBXFileReference; fileEncoding = 4; lastKnownFileType = sourcecode.c.objc; path = NextController.m; sourceTree = "<group>"; };
		8CAF38441E949250001F0109 /* UINavigationController+DIY_NVC.h */ = {isa = PBXFileReference; fileEncoding = 4; lastKnownFileType = sourcecode.c.h; path = "UINavigationController+DIY_NVC.h"; sourceTree = "<group>"; };
		8CAF38451E949250001F0109 /* UINavigationController+DIY_NVC.m */ = {isa = PBXFileReference; fileEncoding = 4; lastKnownFileType = sourcecode.c.objc; path = "UINavigationController+DIY_NVC.m"; sourceTree = "<group>"; };
		8CAF38461E949250001F0109 /* UIViewController+DIY_VC.h */ = {isa = PBXFileReference; fileEncoding = 4; lastKnownFileType = sourcecode.c.h; path = "UIViewController+DIY_VC.h"; sourceTree = "<group>"; };
		8CAF38471E949250001F0109 /* UIViewController+DIY_VC.m */ = {isa = PBXFileReference; fileEncoding = 4; lastKnownFileType = sourcecode.c.objc; path = "UIViewController+DIY_VC.m"; sourceTree = "<group>"; };
		8CAF38481E949250001F0109 /* ViewController.h */ = {isa = PBXFileReference; fileEncoding = 4; lastKnownFileType = sourcecode.c.h; path = ViewController.h; sourceTree = "<group>"; };
		8CAF38491E949250001F0109 /* ViewController.m */ = {isa = PBXFileReference; fileEncoding = 4; lastKnownFileType = sourcecode.c.objc; path = ViewController.m; sourceTree = "<group>"; };
		8CAF38511E949259001F0109 /* Base */ = {isa = PBXFileReference; lastKnownFileType = file.storyboard; name = Base; path = Base.lproj/Main.storyboard; sourceTree = "<group>"; };
/* End PBXFileReference section */

/* Begin PBXFrameworksBuildPhase section */
		8CAF38211E9491EB001F0109 /* Frameworks */ = {
			isa = PBXFrameworksBuildPhase;
			buildActionMask = 2147483647;
			files = (
			);
			runOnlyForDeploymentPostprocessing = 0;
		};
/* End PBXFrameworksBuildPhase section */

/* Begin PBXGroup section */
		8CAF381B1E9491EB001F0109 = {
			isa = PBXGroup;
			children = (
				8CAF38261E9491EB001F0109 /* SystemNavigationBarChangeColorDemo */,
				8CAF38251E9491EB001F0109 /* Products */,
			);
			sourceTree = "<group>";
		};
		8CAF38251E9491EB001F0109 /* Products */ = {
			isa = PBXGroup;
			children = (
				8CAF38241E9491EB001F0109 /* SystemNavigationBarChangeColorDemo.app */,
			);
			name = Products;
			sourceTree = "<group>";
		};
		8CAF38261E9491EB001F0109 /* SystemNavigationBarChangeColorDemo */ = {
			isa = PBXGroup;
			children = (
				8CAF38541E9492B0001F0109 /* Categorys */,
				8CAF38531E9492A3001F0109 /* ViewControllers */,
				8CAF38501E949259001F0109 /* Main.storyboard */,
				8CAF383E1E949250001F0109 /* MNavigationController.h */,
				8CAF383F1E949250001F0109 /* MNavigationController.m */,
				8CAF382A1E9491EB001F0109 /* AppDelegate.h */,
				8CAF382B1E9491EB001F0109 /* AppDelegate.m */,
				8CAF38331E9491EB001F0109 /* Assets.xcassets */,
				8CAF38351E9491EB001F0109 /* LaunchScreen.storyboard */,
				8CAF38381E9491EB001F0109 /* Info.plist */,
				8CAF38271E9491EB001F0109 /* Supporting Files */,
			);
			path = SystemNavigationBarChangeColorDemo;
			sourceTree = "<group>";
		};
		8CAF38271E9491EB001F0109 /* Supporting Files */ = {
			isa = PBXGroup;
			children = (
				8CAF38281E9491EB001F0109 /* main.m */,
			);
			name = "Supporting Files";
			sourceTree = "<group>";
		};
		8CAF38531E9492A3001F0109 /* ViewControllers */ = {
			isa = PBXGroup;
			children = (
				8CAF38401E949250001F0109 /* NextController.h */,
				8CAF38411E949250001F0109 /* NextController.m */,
				8CAF38481E949250001F0109 /* ViewController.h */,
				8CAF38491E949250001F0109 /* ViewController.m */,
			);
			name = ViewControllers;
			sourceTree = "<group>";
		};
		8CAF38541E9492B0001F0109 /* Categorys */ = {
			isa = PBXGroup;
			children = (
				8CAF38441E949250001F0109 /* UINavigationController+DIY_NVC.h */,
				8CAF38451E949250001F0109 /* UINavigationController+DIY_NVC.m */,
				8CAF38461E949250001F0109 /* UIViewController+DIY_VC.h */,
				8CAF38471E949250001F0109 /* UIViewController+DIY_VC.m */,
			);
			name = Categorys;
			sourceTree = "<group>";
		};
/* End PBXGroup section */

/* Begin PBXNativeTarget section */
		8CAF38231E9491EB001F0109 /* SystemNavigationBarChangeColorDemo */ = {
			isa = PBXNativeTarget;
			buildConfigurationList = 8CAF383B1E9491EB001F0109 /* Build configuration list for PBXNativeTarget "SystemNavigationBarChangeColorDemo" */;
			buildPhases = (
				8CAF38201E9491EB001F0109 /* Sources */,
				8CAF38211E9491EB001F0109 /* Frameworks */,
				8CAF38221E9491EB001F0109 /* Resources */,
			);
			buildRules = (
			);
			dependencies = (
			);
			name = SystemNavigationBarChangeColorDemo;
			productName = SystemNavigationBarChangeColorDemo;
			productReference = 8CAF38241E9491EB001F0109 /* SystemNavigationBarChangeColorDemo.app */;
			productType = "com.apple.product-type.application";
		};
/* End PBXNativeTarget section */

/* Begin PBXProject section */
		8CAF381C1E9491EB001F0109 /* Project object */ = {
			isa = PBXProject;
			attributes = {
				LastUpgradeCheck = 0820;
				ORGANIZATIONNAME = huangqiang;
				TargetAttributes = {
					8CAF38231E9491EB001F0109 = {
						CreatedOnToolsVersion = 8.2;
						ProvisioningStyle = Automatic;
					};
				};
			};
			buildConfigurationList = 8CAF381F1E9491EB001F0109 /* Build configuration list for PBXProject "SystemNavigationBarChangeColorDemo" */;
			compatibilityVersion = "Xcode 3.2";
			developmentRegion = English;
			hasScannedForEncodings = 0;
			knownRegions = (
				en,
				Base,
			);
			mainGroup = 8CAF381B1E9491EB001F0109;
			productRefGroup = 8CAF38251E9491EB001F0109 /* Products */;
			projectDirPath = "";
			projectRoot = "";
			targets = (
				8CAF38231E9491EB001F0109 /* SystemNavigationBarChangeColorDemo */,
			);
		};
/* End PBXProject section */

/* Begin PBXResourcesBuildPhase section */
		8CAF38221E9491EB001F0109 /* Resources */ = {
			isa = PBXResourcesBuildPhase;
			buildActionMask = 2147483647;
			files = (
				8CAF38521E949259001F0109 /* Main.storyboard in Resources */,
				8CAF38371E9491EB001F0109 /* LaunchScreen.storyboard in Resources */,
				8CAF38341E9491EB001F0109 /* Assets.xcassets in Resources */,
			);
			runOnlyForDeploymentPostprocessing = 0;
		};
/* End PBXResourcesBuildPhase section */

/* Begin PBXSourcesBuildPhase section */
		8CAF38201E9491EB001F0109 /* Sources */ = {
			isa = PBXSourcesBuildPhase;
			buildActionMask = 2147483647;
			files = (
				8CAF384D1E949250001F0109 /* UINavigationController+DIY_NVC.m in Sources */,
				8CAF382C1E9491EB001F0109 /* AppDelegate.m in Sources */,
				8CAF384F1E949250001F0109 /* ViewController.m in Sources */,
				8CAF384E1E949250001F0109 /* UIViewController+DIY_VC.m in Sources */,
				8CAF38291E9491EB001F0109 /* main.m in Sources */,
				8CAF384B1E949250001F0109 /* NextController.m in Sources */,
				8CAF384A1E949250001F0109 /* MNavigationController.m in Sources */,
			);
			runOnlyForDeploymentPostprocessing = 0;
		};
/* End PBXSourcesBuildPhase section */

/* Begin PBXVariantGroup section */
		8CAF38351E9491EB001F0109 /* LaunchScreen.storyboard */ = {
			isa = PBXVariantGroup;
			children = (
				8CAF38361E9491EB001F0109 /* Base */,
			);
			name = LaunchScreen.storyboard;
			sourceTree = "<group>";
		};
		8CAF38501E949259001F0109 /* Main.storyboard */ = {
			isa = PBXVariantGroup;
			children = (
				8CAF38511E949259001F0109 /* Base */,
			);
			name = Main.storyboard;
			sourceTree = "<group>";
		};
/* End PBXVariantGroup section */

/* Begin XCBuildConfiguration section */
		8CAF38391E9491EB001F0109 /* Debug */ = {
			isa = XCBuildConfiguration;
			buildSettings = {
				ALWAYS_SEARCH_USER_PATHS = NO;
				CLANG_ANALYZER_NONNULL = YES;
				CLANG_CXX_LANGUAGE_STANDARD = "gnu++0x";
				CLANG_CXX_LIBRARY = "libc++";
				CLANG_ENABLE_MODULES = YES;
				CLANG_ENABLE_OBJC_ARC = YES;
				CLANG_WARN_BOOL_CONVERSION = YES;
				CLANG_WARN_CONSTANT_CONVERSION = YES;
				CLANG_WARN_DIRECT_OBJC_ISA_USAGE = YES_ERROR;
				CLANG_WARN_DOCUMENTATION_COMMENTS = YES;
				CLANG_WARN_EMPTY_BODY = YES;
				CLANG_WARN_ENUM_CONVERSION = YES;
				CLANG_WARN_INFINITE_RECURSION = YES;
				CLANG_WARN_INT_CONVERSION = YES;
				CLANG_WARN_OBJC_ROOT_CLASS = YES_ERROR;
				CLANG_WARN_SUSPICIOUS_MOVE = YES;
				CLANG_WARN_UNREACHABLE_CODE = YES;
				CLANG_WARN__DUPLICATE_METHOD_MATCH = YES;
				"CODE_SIGN_IDENTITY[sdk=iphoneos*]" = "iPhone Developer";
				COPY_PHASE_STRIP = NO;
				DEBUG_INFORMATION_FORMAT = dwarf;
				ENABLE_STRICT_OBJC_MSGSEND = YES;
				ENABLE_TESTABILITY = YES;
				GCC_C_LANGUAGE_STANDARD = gnu99;
				GCC_DYNAMIC_NO_PIC = NO;
				GCC_NO_COMMON_BLOCKS = YES;
				GCC_OPTIMIZATION_LEVEL = 0;
				GCC_PREPROCESSOR_DEFINITIONS = (
					"DEBUG=1",
					"$(inherited)",
				);
				GCC_WARN_64_TO_32_BIT_CONVERSION = YES;
				GCC_WARN_ABOUT_RETURN_TYPE = YES_ERROR;
				GCC_WARN_UNDECLARED_SELECTOR = YES;
				GCC_WARN_UNINITIALIZED_AUTOS = YES_AGGRESSIVE;
				GCC_WARN_UNUSED_FUNCTION = YES;
				GCC_WARN_UNUSED_VARIABLE = YES;
				IPHONEOS_DEPLOYMENT_TARGET = 10.2;
				MTL_ENABLE_DEBUG_INFO = YES;
				ONLY_ACTIVE_ARCH = YES;
				SDKROOT = iphoneos;
			};
			name = Debug;
		};
		8CAF383A1E9491EB001F0109 /* Release */ = {
			isa = XCBuildConfiguration;
			buildSettings = {
				ALWAYS_SEARCH_USER_PATHS = NO;
				CLANG_ANALYZER_NONNULL = YES;
				CLANG_CXX_LANGUAGE_STANDARD = "gnu++0x";
				CLANG_CXX_LIBRARY = "libc++";
				CLANG_ENABLE_MODULES = YES;
				CLANG_ENABLE_OBJC_ARC = YES;
				CLANG_WARN_BOOL_CONVERSION = YES;
				CLANG_WARN_CONSTANT_CONVERSION = YES;
				CLANG_WARN_DIRECT_OBJC_ISA_USAGE = YES_ERROR;
				CLANG_WARN_DOCUMENTATION_COMMENTS = YES;
				CLANG_WARN_EMPTY_BODY = YES;
				CLANG_WARN_ENUM_CONVERSION = YES;
				CLANG_WARN_INFINITE_RECURSION = YES;
				CLANG_WARN_INT_CONVERSION = YES;
				CLANG_WARN_OBJC_ROOT_CLASS = YES_ERROR;
				CLANG_WARN_SUSPICIOUS_MOVE = YES;
				CLANG_WARN_UNREACHABLE_CODE = YES;
				CLANG_WARN__DUPLICATE_METHOD_MATCH = YES;
				"CODE_SIGN_IDENTITY[sdk=iphoneos*]" = "iPhone Developer";
				COPY_PHASE_STRIP = NO;
				DEBUG_INFORMATION_FORMAT = "dwarf-with-dsym";
				ENABLE_NS_ASSERTIONS = NO;
				ENABLE_STRICT_OBJC_MSGSEND = YES;
				GCC_C_LANGUAGE_STANDARD = gnu99;
				GCC_NO_COMMON_BLOCKS = YES;
				GCC_WARN_64_TO_32_BIT_CONVERSION = YES;
				GCC_WARN_ABOUT_RETURN_TYPE = YES_ERROR;
				GCC_WARN_UNDECLARED_SELECTOR = YES;
				GCC_WARN_UNINITIALIZED_AUTOS = YES_AGGRESSIVE;
				GCC_WARN_UNUSED_FUNCTION = YES;
				GCC_WARN_UNUSED_VARIABLE = YES;
				IPHONEOS_DEPLOYMENT_TARGET = 10.2;
				MTL_ENABLE_DEBUG_INFO = NO;
				SDKROOT = iphoneos;
				VALIDATE_PRODUCT = YES;
			};
			name = Release;
		};
		8CAF383C1E9491EB001F0109 /* Debug */ = {
			isa = XCBuildConfiguration;
			buildSettings = {
				ASSETCATALOG_COMPILER_APPICON_NAME = AppIcon;
				INFOPLIST_FILE = SystemNavigationBarChangeColorDemo/Info.plist;
				IPHONEOS_DEPLOYMENT_TARGET = 8.0;
				LD_RUNPATH_SEARCH_PATHS = "$(inherited) @executable_path/Frameworks";
				PRODUCT_BUNDLE_IDENTIFIER = com.sendtou.SystemNavigationBarChangeColorDemo;
				PRODUCT_NAME = "$(TARGET_NAME)";
			};
			name = Debug;
		};
		8CAF383D1E9491EB001F0109 /* Release */ = {
			isa = XCBuildConfiguration;
			buildSettings = {
				ASSETCATALOG_COMPILER_APPICON_NAME = AppIcon;
				INFOPLIST_FILE = SystemNavigationBarChangeColorDemo/Info.plist;
				IPHONEOS_DEPLOYMENT_TARGET = 8.0;
				LD_RUNPATH_SEARCH_PATHS = "$(inherited) @executable_path/Frameworks";
				PRODUCT_BUNDLE_IDENTIFIER = com.sendtou.SystemNavigationBarChangeColorDemo;
				PRODUCT_NAME = "$(TARGET_NAME)";
			};
			name = Release;
		};
/* End XCBuildConfiguration section */

/* Begin XCConfigurationList section */
		8CAF381F1E9491EB001F0109 /* Build configuration list for PBXProject "SystemNavigationBarChangeColorDemo" */ = {
			isa = XCConfigurationList;
			buildConfigurations = (
				8CAF38391E9491EB001F0109 /* Debug */,
				8CAF383A1E9491EB001F0109 /* Release */,
			);
			defaultConfigurationIsVisible = 0;
			defaultConfigurationName = Release;
		};
		8CAF383B1E9491EB001F0109 /* Build configuration list for PBXNativeTarget "SystemNavigationBarChangeColorDemo" */ = {
			isa = XCConfigurationList;
			buildConfigurations = (
				8CAF383C1E9491EB001F0109 /* Debug */,
				8CAF383D1E9491EB001F0109 /* Release */,
			);
			defaultConfigurationIsVisible = 0;
		};
/* End XCConfigurationList section */
	};
	rootObject = 8CAF381C1E9491EB001F0109 /* Project object */;
}
